// !$*UTF8*$!
{
	archiveVersion = 1;
	classes = {
	};
	objectVersion = 46;
	objects = {

/* Begin PBXBuildFile section */
		D7C3F0D11C865E99002A561E /* main.m in Sources */ = {isa = PBXBuildFile; fileRef = D7C3F0D01C865E99002A561E /* main.m */; };
		D7C3F0D41C865E99002A561E /* AppDelegate.m in Sources */ = {isa = PBXBuildFile; fileRef = D7C3F0D31C865E99002A561E /* AppDelegate.m */; };
		D7C3F0D71C865E99002A561E /* ViewController.m in Sources */ = {isa = PBXBuildFile; fileRef = D7C3F0D61C865E99002A561E /* ViewController.m */; };
		D7C3F0DA1C865E99002A561E /* Main.storyboard in Resources */ = {isa = PBXBuildFile; fileRef = D7C3F0D81C865E99002A561E /* Main.storyboard */; };
		D7C3F0DC1C865E99002A561E /* Assets.xcassets in Resources */ = {isa = PBXBuildFile; fileRef = D7C3F0DB1C865E99002A561E /* Assets.xcassets */; };
		D7C3F0DF1C865E99002A561E /* LaunchScreen.storyboard in Resources */ = {isa = PBXBuildFile; fileRef = D7C3F0DD1C865E99002A561E /* LaunchScreen.storyboard */; };
		D7C3F0EA1C865E99002A561E /* OCWeatheringMoodTests.m in Sources */ = {isa = PBXBuildFile; fileRef = D7C3F0E91C865E99002A561E /* OCWeatheringMoodTests.m */; };
		D7C3F0F51C865E99002A561E /* OCWeatheringMoodUITests.m in Sources */ = {isa = PBXBuildFile; fileRef = D7C3F0F41C865E99002A561E /* OCWeatheringMoodUITests.m */; };
/* End PBXBuildFile section */

/* Begin PBXContainerItemProxy section */
		D7C3F0E61C865E99002A561E /* PBXContainerItemProxy */ = {
			isa = PBXContainerItemProxy;
			containerPortal = D7C3F0C41C865E99002A561E /* Project object */;
			proxyType = 1;
			remoteGlobalIDString = D7C3F0CB1C865E99002A561E;
			remoteInfo = OCWeatheringMood;
		};
		D7C3F0F11C865E99002A561E /* PBXContainerItemProxy */ = {
			isa = PBXContainerItemProxy;
			containerPortal = D7C3F0C41C865E99002A561E /* Project object */;
			proxyType = 1;
			remoteGlobalIDString = D7C3F0CB1C865E99002A561E;
			remoteInfo = OCWeatheringMood;
		};
/* End PBXContainerItemProxy section */

/* Begin PBXFileReference section */
		D7C3F0CC1C865E99002A561E /* OCWeatheringMood.app */ = {isa = PBXFileReference; explicitFileType = wrapper.application; includeInIndex = 0; path = OCWeatheringMood.app; sourceTree = BUILT_PRODUCTS_DIR; };
		D7C3F0D01C865E99002A561E /* main.m */ = {isa = PBXFileReference; lastKnownFileType = sourcecode.c.objc; path = main.m; sourceTree = "<group>"; };
		D7C3F0D21C865E99002A561E /* AppDelegate.h */ = {isa = PBXFileReference; lastKnownFileType = sourcecode.c.h; path = AppDelegate.h; sourceTree = "<group>"; };
		D7C3F0D31C865E99002A561E /* AppDelegate.m */ = {isa = PBXFileReference; lastKnownFileType = sourcecode.c.objc; path = AppDelegate.m; sourceTree = "<group>"; };
		D7C3F0D51C865E99002A561E /* ViewController.h */ = {isa = PBXFileReference; lastKnownFileType = sourcecode.c.h; path = ViewController.h; sourceTree = "<group>"; };
		D7C3F0D61C865E99002A561E /* ViewController.m */ = {isa = PBXFileReference; lastKnownFileType = sourcecode.c.objc; path = ViewController.m; sourceTree = "<group>"; };
		D7C3F0D91C865E99002A561E /* Base */ = {isa = PBXFileReference; lastKnownFileType = file.storyboard; name = Base; path = Base.lproj/Main.storyboard; sourceTree = "<group>"; };
		D7C3F0DB1C865E99002A561E /* Assets.xcassets */ = {isa = PBXFileReference; lastKnownFileType = folder.assetcatalog; path = Assets.xcassets; sourceTree = "<group>"; };
		D7C3F0DE1C865E99002A561E /* Base */ = {isa = PBXFileReference; lastKnownFileType = file.storyboard; name = Base; path = Base.lproj/LaunchScreen.storyboard; sourceTree = "<group>"; };
		D7C3F0E01C865E99002A561E /* Info.plist */ = {isa = PBXFileReference; lastKnownFileType = text.plist.xml; path = Info.plist; sourceTree = "<group>"; };
		D7C3F0E51C865E99002A561E /* OCWeatheringMoodTests.xctest */ = {isa = PBXFileReference; explicitFileType = wrapper.cfbundle; includeInIndex = 0; path = OCWeatheringMoodTests.xctest; sourceTree = BUILT_PRODUCTS_DIR; };
		D7C3F0E91C865E99002A561E /* OCWeatheringMoodTests.m */ = {isa = PBXFileReference; lastKnownFileType = sourcecode.c.objc; path = OCWeatheringMoodTests.m; sourceTree = "<group>"; };
		D7C3F0EB1C865E99002A561E /* Info.plist */ = {isa = PBXFileReference; lastKnownFileType = text.plist.xml; path = Info.plist; sourceTree = "<group>"; };
		D7C3F0F01C865E99002A561E /* OCWeatheringMoodUITests.xctest */ = {isa = PBXFileReference; explicitFileType = wrapper.cfbundle; includeInIndex = 0; path = OCWeatheringMoodUITests.xctest; sourceTree = BUILT_PRODUCTS_DIR; };
		D7C3F0F41C865E99002A561E /* OCWeatheringMoodUITests.m */ = {isa = PBXFileReference; lastKnownFileType = sourcecode.c.objc; path = OCWeatheringMoodUITests.m; sourceTree = "<group>"; };
		D7C3F0F61C865E99002A561E /* Info.plist */ = {isa = PBXFileReference; lastKnownFileType = text.plist.xml; path = Info.plist; sourceTree = "<group>"; };
/* End PBXFileReference section */

/* Begin PBXFrameworksBuildPhase section */
		D7C3F0C91C865E99002A561E /* Frameworks */ = {
			isa = PBXFrameworksBuildPhase;
			buildActionMask = 2147483647;
			files = (
			);
			runOnlyForDeploymentPostprocessing = 0;
		};
		D7C3F0E21C865E99002A561E /* Frameworks */ = {
			isa = PBXFrameworksBuildPhase;
			buildActionMask = 2147483647;
			files = (
			);
			runOnlyForDeploymentPostprocessing = 0;
		};
		D7C3F0ED1C865E99002A561E /* Frameworks */ = {
			isa = PBXFrameworksBuildPhase;
			buildActionMask = 2147483647;
			files = (
			);
			runOnlyForDeploymentPostprocessing = 0;
		};
/* End PBXFrameworksBuildPhase section */

/* Begin PBXGroup section */
		D7C3F0C31C865E99002A561E = {
			isa = PBXGroup;
			children = (
				D7C3F0CE1C865E99002A561E /* OCWeatheringMood */,
				D7C3F0E81C865E99002A561E /* OCWeatheringMoodTests */,
				D7C3F0F31C865E99002A561E /* OCWeatheringMoodUITests */,
				D7C3F0CD1C865E99002A561E /* Products */,
			);
			sourceTree = "<group>";
		};
		D7C3F0CD1C865E99002A561E /* Products */ = {
			isa = PBXGroup;
			children = (
				D7C3F0CC1C865E99002A561E /* OCWeatheringMood.app */,
				D7C3F0E51C865E99002A561E /* OCWeatheringMoodTests.xctest */,
				D7C3F0F01C865E99002A561E /* OCWeatheringMoodUITests.xctest */,
			);
			name = Products;
			sourceTree = "<group>";
		};
		D7C3F0CE1C865E99002A561E /* OCWeatheringMood */ = {
			isa = PBXGroup;
			children = (
				D7C3F0D21C865E99002A561E /* AppDelegate.h */,
				D7C3F0D31C865E99002A561E /* AppDelegate.m */,
				D7C3F0D51C865E99002A561E /* ViewController.h */,
				D7C3F0D61C865E99002A561E /* ViewController.m */,
				D7C3F0D81C865E99002A561E /* Main.storyboard */,
				D7C3F0DB1C865E99002A561E /* Assets.xcassets */,
				D7C3F0DD1C865E99002A561E /* LaunchScreen.storyboard */,
				D7C3F0E01C865E99002A561E /* Info.plist */,
				D7C3F0CF1C865E99002A561E /* Supporting Files */,
			);
			path = OCWeatheringMood;
			sourceTree = "<group>";
		};
		D7C3F0CF1C865E99002A561E /* Supporting Files */ = {
			isa = PBXGroup;
			children = (
				D7C3F0D01C865E99002A561E /* main.m */,
			);
			name = "Supporting Files";
			sourceTree = "<group>";
		};
		D7C3F0E81C865E99002A561E /* OCWeatheringMoodTests */ = {
			isa = PBXGroup;
			children = (
				D7C3F0E91C865E99002A561E /* OCWeatheringMoodTests.m */,
				D7C3F0EB1C865E99002A561E /* Info.plist */,
			);
			path = OCWeatheringMoodTests;
			sourceTree = "<group>";
		};
		D7C3F0F31C865E99002A561E /* OCWeatheringMoodUITests */ = {
			isa = PBXGroup;
			children = (
				D7C3F0F41C865E99002A561E /* OCWeatheringMoodUITests.m */,
				D7C3F0F61C865E99002A561E /* Info.plist */,
			);
			path = OCWeatheringMoodUITests;
			sourceTree = "<group>";
		};
/* End PBXGroup section */

/* Begin PBXNativeTarget section */
		D7C3F0CB1C865E99002A561E /* OCWeatheringMood */ = {
			isa = PBXNativeTarget;
			buildConfigurationList = D7C3F0F91C865E99002A561E /* Build configuration list for PBXNativeTarget "OCWeatheringMood" */;
			buildPhases = (
				D7C3F0C81C865E99002A561E /* Sources */,
				D7C3F0C91C865E99002A561E /* Frameworks */,
				D7C3F0CA1C865E99002A561E /* Resources */,
			);
			buildRules = (
			);
			dependencies = (
			);
			name = OCWeatheringMood;
			productName = OCWeatheringMood;
			productReference = D7C3F0CC1C865E99002A561E /* OCWeatheringMood.app */;
			productType = "com.apple.product-type.application";
		};
		D7C3F0E41C865E99002A561E /* OCWeatheringMoodTests */ = {
			isa = PBXNativeTarget;
			buildConfigurationList = D7C3F0FC1C865E99002A561E /* Build configuration list for PBXNativeTarget "OCWeatheringMoodTests" */;
			buildPhases = (
				D7C3F0E11C865E99002A561E /* Sources */,
				D7C3F0E21C865E99002A561E /* Frameworks */,
				D7C3F0E31C865E99002A561E /* Resources */,
			);
			buildRules = (
			);
			dependencies = (
				D7C3F0E71C865E99002A561E /* PBXTargetDependency */,
			);
			name = OCWeatheringMoodTests;
			productName = OCWeatheringMoodTests;
			productReference = D7C3F0E51C865E99002A561E /* OCWeatheringMoodTests.xctest */;
			productType = "com.apple.product-type.bundle.unit-test";
		};
		D7C3F0EF1C865E99002A561E /* OCWeatheringMoodUITests */ = {
			isa = PBXNativeTarget;
			buildConfigurationList = D7C3F0FF1C865E99002A561E /* Build configuration list for PBXNativeTarget "OCWeatheringMoodUITests" */;
			buildPhases = (
				D7C3F0EC1C865E99002A561E /* Sources */,
				D7C3F0ED1C865E99002A561E /* Frameworks */,
				D7C3F0EE1C865E99002A561E /* Resources */,
			);
			buildRules = (
			);
			dependencies = (
				D7C3F0F21C865E99002A561E /* PBXTargetDependency */,
			);
			name = OCWeatheringMoodUITests;
			productName = OCWeatheringMoodUITests;
			productReference = D7C3F0F01C865E99002A561E /* OCWeatheringMoodUITests.xctest */;
			productType = "com.apple.product-type.bundle.ui-testing";
		};
/* End PBXNativeTarget section */

/* Begin PBXProject section */
		D7C3F0C41C865E99002A561E /* Project object */ = {
			isa = PBXProject;
			attributes = {
				LastUpgradeCheck = 0720;
				ORGANIZATIONNAME = "David Anglin";
				TargetAttributes = {
					D7C3F0CB1C865E99002A561E = {
						CreatedOnToolsVersion = 7.2.1;
						DevelopmentTeam = EZVKD2Y4CX;
					};
					D7C3F0E41C865E99002A561E = {
						CreatedOnToolsVersion = 7.2.1;
						DevelopmentTeam = EZVKD2Y4CX;
						TestTargetID = D7C3F0CB1C865E99002A561E;
					};
					D7C3F0EF1C865E99002A561E = {
						CreatedOnToolsVersion = 7.2.1;
						DevelopmentTeam = EZVKD2Y4CX;
						TestTargetID = D7C3F0CB1C865E99002A561E;
					};
				};
			};
			buildConfigurationList = D7C3F0C71C865E99002A561E /* Build configuration list for PBXProject "OCWeatheringMood" */;
			compatibilityVersion = "Xcode 3.2";
			developmentRegion = English;
			hasScannedForEncodings = 0;
			knownRegions = (
				en,
				Base,
			);
			mainGroup = D7C3F0C31C865E99002A561E;
			productRefGroup = D7C3F0CD1C865E99002A561E /* Products */;
			projectDirPath = "";
			projectRoot = "";
			targets = (
				D7C3F0CB1C865E99002A561E /* OCWeatheringMood */,
				D7C3F0E41C865E99002A561E /* OCWeatheringMoodTests */,
				D7C3F0EF1C865E99002A561E /* OCWeatheringMoodUITests */,
			);
		};
/* End PBXProject section */

/* Begin PBXResourcesBuildPhase section */
		D7C3F0CA1C865E99002A561E /* Resources */ = {
			isa = PBXResourcesBuildPhase;
			buildActionMask = 2147483647;
			files = (
				D7C3F0DF1C865E99002A561E /* LaunchScreen.storyboard in Resources */,
				D7C3F0DC1C865E99002A561E /* Assets.xcassets in Resources */,
				D7C3F0DA1C865E99002A561E /* Main.storyboard in Resources */,
			);
			runOnlyForDeploymentPostprocessing = 0;
		};
		D7C3F0E31C865E99002A561E /* Resources */ = {
			isa = PBXResourcesBuildPhase;
			buildActionMask = 2147483647;
			files = (
			);
			runOnlyForDeploymentPostprocessing = 0;
		};
		D7C3F0EE1C865E99002A561E /* Resources */ = {
			isa = PBXResourcesBuildPhase;
			buildActionMask = 2147483647;
			files = (
			);
			runOnlyForDeploymentPostprocessing = 0;
		};
/* End PBXResourcesBuildPhase section */

/* Begin PBXSourcesBuildPhase section */
		D7C3F0C81C865E99002A561E /* Sources */ = {
			isa = PBXSourcesBuildPhase;
			buildActionMask = 2147483647;
			files = (
				D7C3F0D71C865E99002A561E /* ViewController.m in Sources */,
				D7C3F0D41C865E99002A561E /* AppDelegate.m in Sources */,
				D7C3F0D11C865E99002A561E /* main.m in Sources */,
			);
			runOnlyForDeploymentPostprocessing = 0;
		};
		D7C3F0E11C865E99002A561E /* Sources */ = {
			isa = PBXSourcesBuildPhase;
			buildActionMask = 2147483647;
			files = (
				D7C3F0EA1C865E99002A561E /* OCWeatheringMoodTests.m in Sources */,
			);
			runOnlyForDeploymentPostprocessing = 0;
		};
		D7C3F0EC1C865E99002A561E /* Sources */ = {
			isa = PBXSourcesBuildPhase;
			buildActionMask = 2147483647;
			files = (
				D7C3F0F51C865E99002A561E /* OCWeatheringMoodUITests.m in Sources */,
			);
			runOnlyForDeploymentPostprocessing = 0;
		};
/* End PBXSourcesBuildPhase section */

/* Begin PBXTargetDependency section */
		D7C3F0E71C865E99002A561E /* PBXTargetDependency */ = {
			isa = PBXTargetDependency;
			target = D7C3F0CB1C865E99002A561E /* OCWeatheringMood */;
			targetProxy = D7C3F0E61C865E99002A561E /* PBXContainerItemProxy */;
		};
		D7C3F0F21C865E99002A561E /* PBXTargetDependency */ = {
			isa = PBXTargetDependency;
			target = D7C3F0CB1C865E99002A561E /* OCWeatheringMood */;
			targetProxy = D7C3F0F11C865E99002A561E /* PBXContainerItemProxy */;
		};
/* End PBXTargetDependency section */

/* Begin PBXVariantGroup section */
		D7C3F0D81C865E99002A561E /* Main.storyboard */ = {
			isa = PBXVariantGroup;
			children = (
				D7C3F0D91C865E99002A561E /* Base */,
			);
			name = Main.storyboard;
			sourceTree = "<group>";
		};
		D7C3F0DD1C865E99002A561E /* LaunchScreen.storyboard */ = {
			isa = PBXVariantGroup;
			children = (
				D7C3F0DE1C865E99002A561E /* Base */,
			);
			name = LaunchScreen.storyboard;
			sourceTree = "<group>";
		};
/* End PBXVariantGroup section */

/* Begin XCBuildConfiguration section */
		D7C3F0F71C865E99002A561E /* Debug */ = {
			isa = XCBuildConfiguration;
			buildSettings = {
				ALWAYS_SEARCH_USER_PATHS = NO;
				CLANG_CXX_LANGUAGE_STANDARD = "gnu++0x";
				CLANG_CXX_LIBRARY = "libc++";
				CLANG_ENABLE_MODULES = YES;
				CLANG_ENABLE_OBJC_ARC = YES;
				CLANG_WARN_BOOL_CONVERSION = YES;
				CLANG_WARN_CONSTANT_CONVERSION = YES;
				CLANG_WARN_DIRECT_OBJC_ISA_USAGE = YES_ERROR;
				CLANG_WARN_EMPTY_BODY = YES;
				CLANG_WARN_ENUM_CONVERSION = YES;
				CLANG_WARN_INT_CONVERSION = YES;
				CLANG_WARN_OBJC_ROOT_CLASS = YES_ERROR;
				CLANG_WARN_UNREACHABLE_CODE = YES;
				CLANG_WARN__DUPLICATE_METHOD_MATCH = YES;
				"CODE_SIGN_IDENTITY[sdk=iphoneos*]" = "iPhone Developer";
				COPY_PHASE_STRIP = NO;
				DEBUG_INFORMATION_FORMAT = dwarf;
				ENABLE_STRICT_OBJC_MSGSEND = YES;
				ENABLE_TESTABILITY = YES;
				GCC_C_LANGUAGE_STANDARD = gnu99;
				GCC_DYNAMIC_NO_PIC = NO;
				GCC_NO_COMMON_BLOCKS = YES;
				GCC_OPTIMIZATION_LEVEL = 0;
				GCC_PREPROCESSOR_DEFINITIONS = (
					"DEBUG=1",
					"$(inherited)",
				);
				GCC_WARN_64_TO_32_BIT_CONVERSION = YES;
				GCC_WARN_ABOUT_RETURN_TYPE = YES_ERROR;
				GCC_WARN_UNDECLARED_SELECTOR = YES;
				GCC_WARN_UNINITIALIZED_AUTOS = YES_AGGRESSIVE;
				GCC_WARN_UNUSED_FUNCTION = YES;
				GCC_WARN_UNUSED_VARIABLE = YES;
				IPHONEOS_DEPLOYMENT_TARGET = 9.2;
				MTL_ENABLE_DEBUG_INFO = YES;
				ONLY_ACTIVE_ARCH = YES;
				SDKROOT = iphoneos;
				TARGETED_DEVICE_FAMILY = "1,2";
			};
			name = Debug;
		};
		D7C3F0F81C865E99002A561E /* Release */ = {
			isa = XCBuildConfiguration;
			buildSettings = {
				ALWAYS_SEARCH_USER_PATHS = NO;
				CLANG_CXX_LANGUAGE_STANDARD = "gnu++0x";
				CLANG_CXX_LIBRARY = "libc++";
				CLANG_ENABLE_MODULES = YES;
				CLANG_ENABLE_OBJC_ARC = YES;
				CLANG_WARN_BOOL_CONVERSION = YES;
				CLANG_WARN_CONSTANT_CONVERSION = YES;
				CLANG_WARN_DIRECT_OBJC_ISA_USAGE = YES_ERROR;
				CLANG_WARN_EMPTY_BODY = YES;
				CLANG_WARN_ENUM_CONVERSION = YES;
				CLANG_WARN_INT_CONVERSION = YES;
				CLANG_WARN_OBJC_ROOT_CLASS = YES_ERROR;
				CLANG_WARN_UNREACHABLE_CODE = YES;
				CLANG_WARN__DUPLICATE_METHOD_MATCH = YES;
				"CODE_SIGN_IDENTITY[sdk=iphoneos*]" = "iPhone Developer";
				COPY_PHASE_STRIP = NO;
				DEBUG_INFORMATION_FORMAT = "dwarf-with-dsym";
				ENABLE_NS_ASSERTIONS = NO;
				ENABLE_STRICT_OBJC_MSGSEND = YES;
				GCC_C_LANGUAGE_STANDARD = gnu99;
				GCC_NO_COMMON_BLOCKS = YES;
				GCC_WARN_64_TO_32_BIT_CONVERSION = YES;
				GCC_WARN_ABOUT_RETURN_TYPE = YES_ERROR;
				GCC_WARN_UNDECLARED_SELECTOR = YES;
				GCC_WARN_UNINITIALIZED_AUTOS = YES_AGGRESSIVE;
				GCC_WARN_UNUSED_FUNCTION = YES;
				GCC_WARN_UNUSED_VARIABLE = YES;
				IPHONEOS_DEPLOYMENT_TARGET = 9.2;
				MTL_ENABLE_DEBUG_INFO = NO;
				SDKROOT = iphoneos;
				TARGETED_DEVICE_FAMILY = "1,2";
				VALIDATE_PRODUCT = YES;
			};
			name = Release;
		};
		D7C3F0FA1C865E99002A561E /* Debug */ = {
			isa = XCBuildConfiguration;
			buildSettings = {
				ASSETCATALOG_COMPILER_APPICON_NAME = AppIcon;
				INFOPLIST_FILE = OCWeatheringMood/Info.plist;
				LD_RUNPATH_SEARCH_PATHS = "$(inherited) @executable_path/Frameworks";
				PRODUCT_BUNDLE_IDENTIFIER = com.DavidAnglin.OCWeatheringMood;
				PRODUCT_NAME = "$(TARGET_NAME)";
			};
			name = Debug;
		};
		D7C3F0FB1C865E99002A561E /* Release */ = {
			isa = XCBuildConfiguration;
			buildSettings = {
				ASSETCATALOG_COMPILER_APPICON_NAME = AppIcon;
				INFOPLIST_FILE = OCWeatheringMood/Info.plist;
				LD_RUNPATH_SEARCH_PATHS = "$(inherited) @executable_path/Frameworks";
				PRODUCT_BUNDLE_IDENTIFIER = com.DavidAnglin.OCWeatheringMood;
				PRODUCT_NAME = "$(TARGET_NAME)";
			};
			name = Release;
		};
		D7C3F0FD1C865E99002A561E /* Debug */ = {
			isa = XCBuildConfiguration;
			buildSettings = {
				BUNDLE_LOADER = "$(TEST_HOST)";
				INFOPLIST_FILE = OCWeatheringMoodTests/Info.plist;
				LD_RUNPATH_SEARCH_PATHS = "$(inherited) @executable_path/Frameworks @loader_path/Frameworks";
				PRODUCT_BUNDLE_IDENTIFIER = com.DavidAnglin.OCWeatheringMoodTests;
				PRODUCT_NAME = "$(TARGET_NAME)";
				TEST_HOST = "$(BUILT_PRODUCTS_DIR)/OCWeatheringMood.app/OCWeatheringMood";
			};
			name = Debug;
		};
		D7C3F0FE1C865E99002A561E /* Release */ = {
			isa = XCBuildConfiguration;
			buildSettings = {
				BUNDLE_LOADER = "$(TEST_HOST)";
				INFOPLIST_FILE = OCWeatheringMoodTests/Info.plist;
				LD_RUNPATH_SEARCH_PATHS = "$(inherited) @executable_path/Frameworks @loader_path/Frameworks";
				PRODUCT_BUNDLE_IDENTIFIER = com.DavidAnglin.OCWeatheringMoodTests;
				PRODUCT_NAME = "$(TARGET_NAME)";
				TEST_HOST = "$(BUILT_PRODUCTS_DIR)/OCWeatheringMood.app/OCWeatheringMood";
			};
			name = Release;
		};
		D7C3F1001C865E99002A561E /* Debug */ = {
			isa = XCBuildConfiguration;
			buildSettings = {
				INFOPLIST_FILE = OCWeatheringMoodUITests/Info.plist;
				LD_RUNPATH_SEARCH_PATHS = "$(inherited) @executable_path/Frameworks @loader_path/Frameworks";
				PRODUCT_BUNDLE_IDENTIFIER = com.DavidAnglin.OCWeatheringMoodUITests;
				PRODUCT_NAME = "$(TARGET_NAME)";
				TEST_TARGET_NAME = OCWeatheringMood;
				USES_XCTRUNNER = YES;
			};
			name = Debug;
		};
		D7C3F1011C865E99002A561E /* Release */ = {
			isa = XCBuildConfiguration;
			buildSettings = {
				INFOPLIST_FILE = OCWeatheringMoodUITests/Info.plist;
				LD_RUNPATH_SEARCH_PATHS = "$(inherited) @executable_path/Frameworks @loader_path/Frameworks";
				PRODUCT_BUNDLE_IDENTIFIER = com.DavidAnglin.OCWeatheringMoodUITests;
				PRODUCT_NAME = "$(TARGET_NAME)";
				TEST_TARGET_NAME = OCWeatheringMood;
				USES_XCTRUNNER = YES;
			};
			name = Release;
		};
/* End XCBuildConfiguration section */

/* Begin XCConfigurationList section */
		D7C3F0C71C865E99002A561E /* Build configuration list for PBXProject "OCWeatheringMood" */ = {
			isa = XCConfigurationList;
			buildConfigurations = (
				D7C3F0F71C865E99002A561E /* Debug */,
				D7C3F0F81C865E99002A561E /* Release */,
			);
			defaultConfigurationIsVisible = 0;
			defaultConfigurationName = Release;
		};
		D7C3F0F91C865E99002A561E /* Build configuration list for PBXNativeTarget "OCWeatheringMood" */ = {
			isa = XCConfigurationList;
			buildConfigurations = (
				D7C3F0FA1C865E99002A561E /* Debug */,
				D7C3F0FB1C865E99002A561E /* Release */,
			);
			defaultConfigurationIsVisible = 0;
		};
		D7C3F0FC1C865E99002A561E /* Build configuration list for PBXNativeTarget "OCWeatheringMoodTests" */ = {
			isa = XCConfigurationList;
			buildConfigurations = (
				D7C3F0FD1C865E99002A561E /* Debug */,
				D7C3F0FE1C865E99002A561E /* Release */,
			);
			defaultConfigurationIsVisible = 0;
		};
		D7C3F0FF1C865E99002A561E /* Build configuration list for PBXNativeTarget "OCWeatheringMoodUITests" */ = {
			isa = XCConfigurationList;
			buildConfigurations = (
				D7C3F1001C865E99002A561E /* Debug */,
				D7C3F1011C865E99002A561E /* Release */,
			);
			defaultConfigurationIsVisible = 0;
		};
/* End XCConfigurationList section */
	};
	rootObject = D7C3F0C41C865E99002A561E /* Project object */;
}
